
Microsoft Visual Studio Solution File, Format Version 12.00
# Visual Studio 15
VisualStudioVersion = 15.0.27004.2009
MinimumVisualStudioVersion = 10.0.40219.1
Project("{9A19103F-16F7-4668-BE54-9A1E7A4F7556}") = "pickleSamples", "pickleSamples.csproj", "{EFDFC412-D61F-4CF3-8A83-14A79B82C1AD}"
EndProject
Global
	GlobalSection(SolutionConfigurationPlatforms) = preSolution
		Debug|Any CPU = Debug|Any CPU
		Release|Any CPU = Release|Any CPU
	EndGlobalSection
	GlobalSection(ProjectConfigurationPlatforms) = postSolution
		{EFDFC412-D61F-4CF3-8A83-14A79B82C1AD}.Debug|Any CPU.ActiveCfg = Debug|Any CPU
		{EFDFC412-D61F-4CF3-8A83-14A79B82C1AD}.Debug|Any CPU.Build.0 = Debug|Any CPU
		{EFDFC412-D61F-4CF3-8A83-14A79B82C1AD}.Release|Any CPU.ActiveCfg = Release|Any CPU
		{EFDFC412-D61F-4CF3-8A83-14A79B82C1AD}.Release|Any CPU.Build.0 = Release|Any CPU
	EndGlobalSection
	GlobalSection(SolutionProperties) = preSolution
		HideSolutionNode = FALSE
	EndGlobalSection
	GlobalSection(ExtensibilityGlobals) = postSolution
		SolutionGuid = {EB31298C-7D8C-4F65-91C2-D8A294157171}
	EndGlobalSection
EndGlobal
